
Microsoft Visual Studio Solution File, Format Version 12.00
# Visual Studio Version 17
VisualStudioVersion = 17.14.36414.22 d17.14
MinimumVisualStudioVersion = 10.0.40219.1
Project("{FAE04EC0-301F-11D3-BF4B-00C04F79EFBC}") = "rpm4", "rpm4\rpm4.csproj", "{AA81C0F2-EE5A-4203-A940-434D9CE262FE}"
EndProject
Global
	GlobalSection(SolutionConfigurationPlatforms) = preSolution
		Debug|Any CPU = Debug|Any CPU
		Release|Any CPU = Release|Any CPU
	EndGlobalSection
	GlobalSection(ProjectConfigurationPlatforms) = postSolution
		{AA81C0F2-EE5A-4203-A940-434D9CE262FE}.Debug|Any CPU.ActiveCfg = Debug|Any CPU
		{AA81C0F2-EE5A-4203-A940-434D9CE262FE}.Debug|Any CPU.Build.0 = Debug|Any CPU
		{AA81C0F2-EE5A-4203-A940-434D9CE262FE}.Release|Any CPU.ActiveCfg = Release|Any CPU
		{AA81C0F2-EE5A-4203-A940-434D9CE262FE}.Release|Any CPU.Build.0 = Release|Any CPU
	EndGlobalSection
	GlobalSection(SolutionProperties) = preSolution
		HideSolutionNode = FALSE
	EndGlobalSection
	GlobalSection(ExtensibilityGlobals) = postSolution
		SolutionGuid = {F0B8AF87-2C09-4EE9-BB29-DA7C015B0486}
	EndGlobalSection
EndGlobal
